
Microsoft Visual Studio Solution File, Format Version 12.00
# Visual Studio 2012
Project("{FAE04EC0-301F-11D3-BF4B-00C04F79EFBC}") = "Interpreter", "Interpreter\Interpreter.csproj", "{D81B9051-4BAE-46D6-8530-11BB636F015A}"
EndProject
Global
	GlobalSection(SolutionConfigurationPlatforms) = preSolution
		Debug|x86 = Debug|x86
		Release|x86 = Release|x86
	EndGlobalSection
	GlobalSection(ProjectConfigurationPlatforms) = postSolution
		{D81B9051-4BAE-46D6-8530-11BB636F015A}.Debug|x86.ActiveCfg = Debug|x86
		{D81B9051-4BAE-46D6-8530-11BB636F015A}.Debug|x86.Build.0 = Debug|x86
		{D81B9051-4BAE-46D6-8530-11BB636F015A}.Release|x86.ActiveCfg = Release|x86
		{D81B9051-4BAE-46D6-8530-11BB636F015A}.Release|x86.Build.0 = Release|x86
	EndGlobalSection
	GlobalSection(MonoDevelopProperties) = preSolution
		StartupItem = Interpreter\Interpreter.csproj
	EndGlobalSection
EndGlobal
